{
  "name": "desktop-hotkeys-sample",
  "version": "1.0.1",
  "lockfileVersion": 2,
  "requires": true,
  "packages": {
    "": {
      "name": "desktop-hotkeys-sample",
      "version": "1.0.1",
      "license": "ISC",
      "dependencies": {
        "proxy-settings": "file:../"
      }
    },
    "..": {
      "name": "@zelloptt/desktop-proxy-settings",
      "version": "1.1.0",
      "integrity": "sha512-+ejIFhGEmSlvGyM/zlBsDzfKfNRdSv5WZxel29EPnV+2AwuetlFw1dXSy4HnXoIqFRjoBmQsoQyHGYntfJrinQ==",
      "hasInstallScript": true,
      "license": "ISC",
      "dependencies": {
        "@mapbox/node-pre-gyp": "1.0.10",
        "node-addon-api": "6.1.0",
        "node-gyp": "9.3.1"
      },
      "devDependencies": {
        "aws-sdk": "2.1387.0",
        "np": "8.0.4"
      },
      "engines": {
        "node": ">=16.14.2",
        "npm": ">=8.5.0"
      }
    },
    "node_modules/proxy-settings": {
      "resolved": "..",
      "link": true
    }
  },
  "dependencies": {
    "proxy-settings": {
      "version": "file:..",
      "requires": {
        "@mapbox/node-pre-gyp": "1.0.10",
        "aws-sdk": "2.1387.0",
        "node-addon-api": "6.1.0",
        "node-gyp": "9.3.1",
        "np": "8.0.4"
      }
    }
  }
}
